[[package]]
name = "html5rdf"
version = "1.2.1"
description = "HTML parser based on the WHATWG HTML specification"
category = "main"
optional = false
python-versions = ">=3.8"

[[package]]
name = "labelify"
version = "0.1.5"
description = "Analyse an RDF graph to find URI's without human readable labels."
category = "main"
optional = false
python-versions = "^3.12"
develop = false

[package.dependencies]
rdflib = "^7.0.0"
sparqlwrapper = "^2.0.0"

[package.source]
type = "git"
url = "https://github.com/Kurrawong/labelify"
reference = "HEAD"
resolved_reference = "f247f0a51e060dc419a88fb2cf71151180a66b5d"

[[package]]
name = "owlrl"
version = "7.1.2"
description = "A simple implementation of the OWL2 RL Profile, as well as a basic RDFS inference, on top of RDFLib. Based mechanical forward chaining."
category = "main"
optional = false
python-versions = "<4.0,>=3.8"

[package.dependencies]
rdflib = ">=7.1.1"

[[package]]
name = "packaging"
version = "24.2"
description = "Core utilities for Python packages"
category = "main"
optional = false
python-versions = ">=3.8"

[[package]]
name = "prettytable"
version = "3.12.0"
description = "A simple Python library for easily displaying tabular data in a visually appealing ASCII table format"
category = "main"
optional = false
python-versions = ">=3.9"

[package.dependencies]
wcwidth = "*"

[package.extras]
tests = ["pytest", "pytest-cov", "pytest-lazy-fixtures"]

[[package]]
name = "pyparsing"
version = "3.2.0"
description = "pyparsing module - Classes and methods to define and execute parsing grammars"
category = "main"
optional = false
python-versions = ">=3.9"

[package.extras]
diagrams = ["jinja2", "railroad-diagrams"]

[[package]]
name = "pyshacl"
version = "0.29.0"
description = "Python SHACL Validator"
category = "main"
optional = false
python-versions = "<4,>=3.9"

[package.dependencies]
owlrl = ">=7.1.2,<8"
packaging = ">=21.3"
prettytable = {version = ">=3.7.0", markers = "python_version >= \"3.12\""}
rdflib = {version = ">=7.1.1,<8.0", extras = ["html"]}

[package.extras]
dev-coverage = ["coverage (>6.1,!=6.1.1,<7)", "platformdirs", "pytest-cov (>=2.8.1,<3.0.0)"]
dev-lint = ["black (==24.3.0)", "platformdirs", "ruff (>=0.1.5,<0.2.0)"]
dev-type-checking = ["mypy (>=1.13.0)", "platformdirs", "types-setuptools"]
http = ["sanic (>=22.12,<23)", "sanic-cors (==2.2.0)", "sanic-ext (>=23.3,<23.6)"]
js = ["pyduktape2 (>=0.4.6,<0.5.0)"]

[[package]]
name = "rdflib"
version = "7.1.1"
description = "RDFLib is a Python library for working with RDF, a simple yet powerful language for representing information."
category = "main"
optional = false
python-versions = "<4.0.0,>=3.8.1"

[package.dependencies]
html5rdf = {version = ">=1.2,<2", optional = true, markers = "extra == \"html\""}
pyparsing = ">=2.1.0,<4"

[package.extras]
berkeleydb = ["berkeleydb (>=18.1.0,<19.0.0)"]
html = ["html5rdf (>=1.2,<2)"]
lxml = ["lxml (>=4.3,<6.0)"]
networkx = ["networkx (>=2,<4)"]
orjson = ["orjson (>=3.9.14,<4)"]

[[package]]
name = "sparqlwrapper"
version = "2.0.0"
description = "SPARQL Endpoint interface to Python"
category = "main"
optional = false
python-versions = ">=3.7"

[package.dependencies]
rdflib = ">=6.1.1"

[package.extras]
dev = ["mypy (>=0.931)", "pandas (>=1.3.5)", "pandas-stubs (>=1.2.0.48)", "setuptools (>=3.7.1)"]
docs = ["sphinx (<5)", "sphinx-rtd-theme"]
keepalive = ["keepalive (>=0.5)"]
pandas = ["pandas (>=1.3.5)"]

[[package]]
name = "wcwidth"
version = "0.2.13"
description = "Measures the displayed width of unicode strings in a terminal"
category = "main"
optional = false
python-versions = "*"

[metadata]
lock-version = "1.1"
python-versions = ">=3.12,<4.0"
content-hash = "07763acda813e0749cd136f7f32ac405ae6c00d3168ec666bd77ca4201d14bb9"

[metadata.files]
html5rdf = [
    {file = "html5rdf-1.2.1-py2.py3-none-any.whl", hash = "sha256:1f519121bc366af3e485310dc8041d2e86e5173c1a320fac3dc9d2604069b83e"},
    {file = "html5rdf-1.2.1.tar.gz", hash = "sha256:ace9b420ce52995bb4f05e7425eedf19e433c981dfe7a831ab391e2fa2e1a195"},
]
labelify = []
owlrl = [
    {file = "owlrl-7.1.2-py3-none-any.whl", hash = "sha256:b4234191d1981ee7c551fa203cc0d21470c38e624e6795f3ecac55651dab26b1"},
    {file = "owlrl-7.1.2.tar.gz", hash = "sha256:966136f303f08f3eb190f6631c31a03b1bc5744d6c15189d7fb638a563ee61d2"},
]
packaging = [
    {file = "packaging-24.2-py3-none-any.whl", hash = "sha256:09abb1bccd265c01f4a3aa3f7a7db064b36514d2cba19a2f694fe6150451a759"},
    {file = "packaging-24.2.tar.gz", hash = "sha256:c228a6dc5e932d346bc5739379109d49e8853dd8223571c7c5b55260edc0b97f"},
]
prettytable = [
    {file = "prettytable-3.12.0-py3-none-any.whl", hash = "sha256:77ca0ad1c435b6e363d7e8623d7cc4fcf2cf15513bf77a1c1b2e814930ac57cc"},
    {file = "prettytable-3.12.0.tar.gz", hash = "sha256:f04b3e1ba35747ac86e96ec33e3bb9748ce08e254dc2a1c6253945901beec804"},
]
pyparsing = [
    {file = "pyparsing-3.2.0-py3-none-any.whl", hash = "sha256:93d9577b88da0bbea8cc8334ee8b918ed014968fd2ec383e868fb8afb1ccef84"},
    {file = "pyparsing-3.2.0.tar.gz", hash = "sha256:cbf74e27246d595d9a74b186b810f6fbb86726dbf3b9532efb343f6d7294fe9c"},
]
pyshacl = [
    {file = "pyshacl-0.29.0-py3-none-any.whl", hash = "sha256:b12d735f724e5602b14e2819c91047cde53b7b26de472885ce54d9d79cbcdcfc"},
    {file = "pyshacl-0.29.0.tar.gz", hash = "sha256:a9ef654e72890c87d37b0e0ddae622fe46ac487dcda902d3c75724a913b41f0b"},
]
rdflib = [
    {file = "rdflib-7.1.1-py3-none-any.whl", hash = "sha256:e590fa9a2c34ba33a667818b5a84be3fb8a4d85868f8038f17912ec84f912a25"},
    {file = "rdflib-7.1.1.tar.gz", hash = "sha256:164de86bd3564558802ca983d84f6616a4a1a420c7a17a8152f5016076b2913e"},
]
sparqlwrapper = [
    {file = "SPARQLWrapper-2.0.0-py3-none-any.whl", hash = "sha256:c99a7204fff676ee28e6acef327dc1ff8451c6f7217dcd8d49e8872f324a8a20"},
    {file = "SPARQLWrapper-2.0.0.tar.gz", hash = "sha256:3fed3ebcc77617a4a74d2644b86fd88e0f32e7f7003ac7b2b334c026201731f1"},
]
wcwidth = [
    {file = "wcwidth-0.2.13-py2.py3-none-any.whl", hash = "sha256:3da69048e4540d84af32131829ff948f1e022c1c6bdb8d6102117aac784f6859"},
    {file = "wcwidth-0.2.13.tar.gz", hash = "sha256:72ea0c06399eb286d978fdedb6923a9eb47e1c486ce63e9b4e64fc18303972b5"},
]
